<?xml version="1.0" encoding="UTF-8" standalone="yes" ?>
<CodeBlocks_project_file>
	<FileVersion major="1" minor="6" />
	<Project>
		<Option title="Forbidden Lands" />
		<Option platforms="Unix;" />
		<Option pch_mode="2" />
		<Option compiler="gcc" />
		<Option extended_obj_names="1" />
		<Option show_notes="0">
			<notes>
				<![CDATA['.layout': this is a list of all the open files in the corresponding project, with tab and line position.

'.depend':the dependencies of each file in a project.

Just delete them directly. They are generated while compiling .

sudo apt-get install freeglut3 freeglut3-dev]]>
			</notes>
		</Option>
		<Option check_files="0" />
		<Build>
			<Target title="Debug">
				<Option platforms="Unix;" />
				<Option output="bin/Debug/ForbiddenLands" prefix_auto="1" extension_auto="1" />
				<Option object_output="obj/Debug/" />
				<Option type="1" />
				<Option compiler="gcc" />
				<Compiler>
					<Add option="-pg" />
					<Add option="-Og" />
					<Add option="-g" />
					<Add option="-std=gnu++17" />
					<Add option="-std=c++20" />
					<Add option="-std=gnu++20" />
					<Add option="-lstdc++fs" />
					<Add directory="include" />
				</Compiler>
				<Linker>
					<Add option="-pg" />
					<Add option="-lSDL2 -lSDL2_ttf -lSDL2_image -lSDL2_mixer" />
					<Add option="-no-pie -pthread -lstdc++fs -lsqlite3" />
				</Linker>
				<ExtraCommands>
					<Add before="python3  ~/Documents/GitHub/ForbiddenLands/dependency-graph-master/dependency_graph.py ../ForbiddenLands/ ../ForbiddenLands/dependency-graph" />
				</ExtraCommands>
			</Target>
			<Target title="Release">
				<Option platforms="Unix;" />
				<Option output="bin/Release/ForbiddenLands" prefix_auto="1" extension_auto="1" />
				<Option working_dir="" />
				<Option object_output="obj/Release/" />
				<Option type="5" />
				<Option compiler="gcc" />
				<Compiler>
					<Add option="-O2" />
					<Add option="-std=gnu++17" />
					<Add option="-std=c++20" />
					<Add option="-std=gnu++20" />
					<Add option="-lstdc++fs" />
					<Add directory="include" />
				</Compiler>
				<Linker>
					<Add option="-s" />
					<Add option="-lSDL2 -lSDL2_ttf -lSDL2_image -lSDL2_mixer" />
					<Add option="-no-pie -pthread -lstdc++fs" />
				</Linker>
			</Target>
		</Build>
		<Compiler>
			<Add option="-w" />
			<Add option="-std=gnu++17" />
			<Add option="-std=c++20" />
			<Add option="-std=gnu++20" />
			<Add option="-lstdc++fs" />
			<Add directory="../../../../../usr/include/SDL2" />
			<Add directory="asciichart-master/include/ascii" />
		</Compiler>
		<Linker>
			<Add option="-lSDL2 -lSDL2main -lSDL2_image -lSDL2_mixer -lSDL2_ttf -lSDL2_net" />
			<Add directory="../../../../../usr/include/SDL2" />
			<Add directory="/usr/include" />
		</Linker>
		<ExtraCommands>
			<Add before="#mkdir -p $(TARGET_OUTPUT_DIR)/data" />
			<Add before="#python3  ~/Documents/Github/ForbiddenLands/dependency-graph-master/dependency_graph.py ../ForbiddenLands/ ../ForbiddenLands/dependency-graph" />
			<Add after="#Syncing images files" />
			<Add after="#rsync -rtvu --delete images images $(TARGET_OUTPUT_DIR)/" />
			<Add after="# Syncing sound files" />
			<Add after="#rsync -rtvu --delete soundbible soundbible $(TARGET_OUTPUT_DIR)/" />
			<Add after="# Syncing data files" />
			<Add after="#rsync -rtvu --delete data data $(TARGET_OUTPUT_DIR)/" />
			<Add after="# Syncing font files" />
			<Add after="#rsync -rtvu --delete font font $(TARGET_OUTPUT_DIR)/" />
			<Add after="# Syncing logs files" />
			<Add after="rsync -rtvu --delete logs logs $(TARGET_OUTPUT_DIR)/" />
			<Add after="# Syncing icons files" />
			<Add after="#rsync -rtvu --delete icons icons $(TARGET_OUTPUT_DIR)/" />
			<Add after="# Syncing data files" />
			<Add after="rsync -rtvu --delete assets assets $(TARGET_OUTPUT_DIR)/" />
			<Mode after="always" />
		</ExtraCommands>
		<Unit filename="README.md" />
		<Unit filename="asciichart-master/include/ascii/ascii.h" />
		<Unit filename="asciichart-master/include/ascii/color.h" />
		<Unit filename="asciichart-master/include/ascii/constants.h" />
		<Unit filename="asciichart-master/include/ascii/style.h" />
		<Unit filename="asciichart-master/include/ascii/text.h" />
		<Unit filename="include/classes/itemobject.cpp" />
		<Unit filename="include/classes/itemobject.h" />
		<Unit filename="include/classes/skillobject.cpp" />
		<Unit filename="include/classes/skillobject.h" />
		<Unit filename="include/classes/textureholder.cpp" />
		<Unit filename="include/classes/textureholder.h" />
		<Unit filename="include/gameengine/actor.h" />
		<Unit filename="include/gameengine/battlestate.cpp" />
		<Unit filename="include/gameengine/battlestate.h" />
		<Unit filename="include/gameengine/characterstate.cpp" />
		<Unit filename="include/gameengine/characterstate.h" />
		<Unit filename="include/gameengine/createcharacterstate.cpp" />
		<Unit filename="include/gameengine/createcharacterstate.h" />
		<Unit filename="include/gameengine/encampmentstate.cpp" />
		<Unit filename="include/gameengine/encampmentstate.h" />
		<Unit filename="include/gameengine/gameengine.cpp" />
		<Unit filename="include/gameengine/gameengine.h" />
		<Unit filename="include/gameengine/gameoverstate.cpp" />
		<Unit filename="include/gameengine/gameoverstate.h" />
		<Unit filename="include/gameengine/gamestate.h" />
		<Unit filename="include/gameengine/ingametime.h" />
		<Unit filename="include/gameengine/introstate.cpp" />
		<Unit filename="include/gameengine/introstate.h" />
		<Unit filename="include/gameengine/inventorystate.cpp" />
		<Unit filename="include/gameengine/inventorystate.h" />
		<Unit filename="include/gameengine/loadingstate.cpp" />
		<Unit filename="include/gameengine/loadingstate.h" />
		<Unit filename="include/gameengine/loadmenustate.cpp" />
		<Unit filename="include/gameengine/loadmenustate.h" />
		<Unit filename="include/gameengine/menustate.cpp" />
		<Unit filename="include/gameengine/menustate.h" />
		<Unit filename="include/gameengine/playstate.cpp" />
		<Unit filename="include/gameengine/playstate.h" />
		<Unit filename="include/gameengine/savemenustate.cpp" />
		<Unit filename="include/gameengine/savemenustate.h" />
		<Unit filename="include/gameengine/settingsmenustate.cpp" />
		<Unit filename="include/gameengine/settingsmenustate.h" />
		<Unit filename="include/gameengine/shopstate.cpp" />
		<Unit filename="include/gameengine/shopstate.h" />
		<Unit filename="include/gameengine/tavernstate.cpp" />
		<Unit filename="include/gameengine/tavernstate.h" />
		<Unit filename="include/gameengine/weather/weather.h" />
		<Unit filename="include/gameengine/worldmapstate.cpp" />
		<Unit filename="include/gameengine/worldmapstate.h" />
		<Unit filename="include/globals.h" />
		<Unit filename="include/portals.h" />
		<Unit filename="include/randomizer.h" />
		<Unit filename="src/globals.cpp" />
		<Unit filename="src/main.cpp" />
		<Unit filename="src/portals.cpp" />
		<Unit filename="src/randomizer.cpp" />
		<Unit filename="version.h" />
		<Extensions>
			<AutoVersioning>
				<Scheme minor_max="10" build_max="0" rev_max="0" rev_rand_max="100" build_times_to_increment_minor="100" />
				<Settings autoincrement="1" date_declarations="1" use_define="0" update_manifest="0" do_auto_increment="0" ask_to_increment="0" language="C++" svn="0" svn_directory="" header_path="version.h" />
				<Changes_Log show_changes_editor="0" app_title="released version %M.%m.%b of %p" changeslog_path="ChangesLog.txt" />
				<Code header_guard="VERSION_H" namespace="AutoVersion" prefix="" />
			</AutoVersioning>
			<DoxyBlocks>
				<comment_style block="2" line="2" />
				<doxyfile_project use_auto_version="1" />
				<doxyfile_build />
				<doxyfile_warnings />
				<doxyfile_output />
				<doxyfile_dot />
				<general />
			</DoxyBlocks>
		</Extensions>
	</Project>
</CodeBlocks_project_file>
